
Microsoft Visual Studio Solution File, Format Version 12.00
# Visual Studio Version 17
VisualStudioVersion = 17.7.34024.191
MinimumVisualStudioVersion = 10.0.40219.1
Project("{9A19103F-16F7-4668-BE54-9A1E7A4F7556}") = "TreeAPI", "TreeAPI\TreeAPI.csproj", "{3173EC24-5EF7-45D8-B2AD-D90B5FAA1156}"
EndProject
Project("{9A19103F-16F7-4668-BE54-9A1E7A4F7556}") = "TreeServer", "TreeServer\TreeServer.csproj", "{3DD016C3-8A97-44ED-9BB4-99AA962CD8BC}"
EndProject
Project("{9A19103F-16F7-4668-BE54-9A1E7A4F7556}") = "TestConsoleApp", "ConsoleApp1\TestConsoleApp.csproj", "{C37F31AD-7C7A-45CC-BC35-CA9354D92821}"
EndProject
Project("{9A19103F-16F7-4668-BE54-9A1E7A4F7556}") = "TreeGUI", "FrameGUI\TreeGUI.csproj", "{16B32193-3B1C-4BE7-8DEA-E224CD0081EA}"
EndProject
Project("{FAE04EC0-301F-11D3-BF4B-00C04F79EFBC}") = "fslgift-serialization", "fslgift-serialization\fslgift-serialization.csproj", "{45CE788C-B186-463A-9498-0608E09AEFC3}"
EndProject
Global
	GlobalSection(SolutionConfigurationPlatforms) = preSolution
		Debug|Any CPU = Debug|Any CPU
		Release|Any CPU = Release|Any CPU
	EndGlobalSection
	GlobalSection(ProjectConfigurationPlatforms) = postSolution
		{3173EC24-5EF7-45D8-B2AD-D90B5FAA1156}.Debug|Any CPU.ActiveCfg = Debug|Any CPU
		{3173EC24-5EF7-45D8-B2AD-D90B5FAA1156}.Debug|Any CPU.Build.0 = Debug|Any CPU
		{3173EC24-5EF7-45D8-B2AD-D90B5FAA1156}.Release|Any CPU.ActiveCfg = Release|Any CPU
		{3173EC24-5EF7-45D8-B2AD-D90B5FAA1156}.Release|Any CPU.Build.0 = Release|Any CPU
		{3DD016C3-8A97-44ED-9BB4-99AA962CD8BC}.Debug|Any CPU.ActiveCfg = Debug|Any CPU
		{3DD016C3-8A97-44ED-9BB4-99AA962CD8BC}.Debug|Any CPU.Build.0 = Debug|Any CPU
		{3DD016C3-8A97-44ED-9BB4-99AA962CD8BC}.Release|Any CPU.ActiveCfg = Release|Any CPU
		{3DD016C3-8A97-44ED-9BB4-99AA962CD8BC}.Release|Any CPU.Build.0 = Release|Any CPU
		{C37F31AD-7C7A-45CC-BC35-CA9354D92821}.Debug|Any CPU.ActiveCfg = Debug|Any CPU
		{C37F31AD-7C7A-45CC-BC35-CA9354D92821}.Debug|Any CPU.Build.0 = Debug|Any CPU
		{C37F31AD-7C7A-45CC-BC35-CA9354D92821}.Release|Any CPU.ActiveCfg = Release|Any CPU
		{C37F31AD-7C7A-45CC-BC35-CA9354D92821}.Release|Any CPU.Build.0 = Release|Any CPU
		{16B32193-3B1C-4BE7-8DEA-E224CD0081EA}.Debug|Any CPU.ActiveCfg = Debug|Any CPU
		{16B32193-3B1C-4BE7-8DEA-E224CD0081EA}.Debug|Any CPU.Build.0 = Debug|Any CPU
		{16B32193-3B1C-4BE7-8DEA-E224CD0081EA}.Release|Any CPU.ActiveCfg = Release|Any CPU
		{16B32193-3B1C-4BE7-8DEA-E224CD0081EA}.Release|Any CPU.Build.0 = Release|Any CPU
		{45CE788C-B186-463A-9498-0608E09AEFC3}.Debug|Any CPU.ActiveCfg = Debug|Any CPU
		{45CE788C-B186-463A-9498-0608E09AEFC3}.Debug|Any CPU.Build.0 = Debug|Any CPU
		{45CE788C-B186-463A-9498-0608E09AEFC3}.Release|Any CPU.ActiveCfg = Release|Any CPU
		{45CE788C-B186-463A-9498-0608E09AEFC3}.Release|Any CPU.Build.0 = Release|Any CPU
	EndGlobalSection
	GlobalSection(SolutionProperties) = preSolution
		HideSolutionNode = FALSE
	EndGlobalSection
	GlobalSection(ExtensibilityGlobals) = postSolution
		SolutionGuid = {6BDFA920-4F9E-42EB-921E-21430EC59A70}
	EndGlobalSection
EndGlobal
